
Microsoft Visual Studio Solution File, Format Version 12.00
# Visual Studio Version 16
VisualStudioVersion = 16.0.28803.352
MinimumVisualStudioVersion = 10.0.40219.1
Project("{9A19103F-16F7-4668-BE54-9A1E7A4F7556}") = "CrabsWave.Core", "src\CrabsWave.Core\CrabsWave.Core.csproj", "{F9EEA055-7ADF-4217-81E9-259C847F3868}"
EndProject
Project("{2150E333-8FDC-42A3-9474-1A3956D46DE8}") = "Solution Items", "Solution Items", "{60327620-C699-4690-A630-7C1826C432C5}"
	ProjectSection(SolutionItems) = preProject
		.editorconfig = .editorconfig
	EndProjectSection
EndProject
Project("{9A19103F-16F7-4668-BE54-9A1E7A4F7556}") = "CrabsWave.Test", "src\CrabsWave.Test\CrabsWave.Test.csproj", "{E6E07FE9-4BA9-4E71-82E1-BE0A400F39D1}"
EndProject
Project("{9A19103F-16F7-4668-BE54-9A1E7A4F7556}") = "CrabsWave.Utils", "src\CrabsWave.Utils\CrabsWave.Utils.csproj", "{711FB8CF-5611-4242-BFDD-59B44F1C9E65}"
EndProject
Project("{9A19103F-16F7-4668-BE54-9A1E7A4F7556}") = "CrawlerWave.LogTestUtils", "src\CrawlerWave.LogTestUtils\CrawlerWave.LogTestUtils.csproj", "{6A82E3F4-EAA6-46AD-885F-B820B6528894}"
EndProject
Global
	GlobalSection(SolutionConfigurationPlatforms) = preSolution
		Debug|Any CPU = Debug|Any CPU
		Release|Any CPU = Release|Any CPU
	EndGlobalSection
	GlobalSection(ProjectConfigurationPlatforms) = postSolution
		{F9EEA055-7ADF-4217-81E9-259C847F3868}.Debug|Any CPU.ActiveCfg = Debug|Any CPU
		{F9EEA055-7ADF-4217-81E9-259C847F3868}.Debug|Any CPU.Build.0 = Debug|Any CPU
		{F9EEA055-7ADF-4217-81E9-259C847F3868}.Release|Any CPU.ActiveCfg = Release|Any CPU
		{F9EEA055-7ADF-4217-81E9-259C847F3868}.Release|Any CPU.Build.0 = Release|Any CPU
		{E6E07FE9-4BA9-4E71-82E1-BE0A400F39D1}.Debug|Any CPU.ActiveCfg = Debug|Any CPU
		{E6E07FE9-4BA9-4E71-82E1-BE0A400F39D1}.Debug|Any CPU.Build.0 = Debug|Any CPU
		{E6E07FE9-4BA9-4E71-82E1-BE0A400F39D1}.Release|Any CPU.ActiveCfg = Release|Any CPU
		{E6E07FE9-4BA9-4E71-82E1-BE0A400F39D1}.Release|Any CPU.Build.0 = Release|Any CPU
		{711FB8CF-5611-4242-BFDD-59B44F1C9E65}.Debug|Any CPU.ActiveCfg = Debug|Any CPU
		{711FB8CF-5611-4242-BFDD-59B44F1C9E65}.Debug|Any CPU.Build.0 = Debug|Any CPU
		{711FB8CF-5611-4242-BFDD-59B44F1C9E65}.Release|Any CPU.ActiveCfg = Release|Any CPU
		{711FB8CF-5611-4242-BFDD-59B44F1C9E65}.Release|Any CPU.Build.0 = Release|Any CPU
		{6A82E3F4-EAA6-46AD-885F-B820B6528894}.Debug|Any CPU.ActiveCfg = Debug|Any CPU
		{6A82E3F4-EAA6-46AD-885F-B820B6528894}.Debug|Any CPU.Build.0 = Debug|Any CPU
		{6A82E3F4-EAA6-46AD-885F-B820B6528894}.Release|Any CPU.ActiveCfg = Release|Any CPU
		{6A82E3F4-EAA6-46AD-885F-B820B6528894}.Release|Any CPU.Build.0 = Release|Any CPU
	EndGlobalSection
	GlobalSection(SolutionProperties) = preSolution
		HideSolutionNode = FALSE
	EndGlobalSection
	GlobalSection(ExtensibilityGlobals) = postSolution
		SolutionGuid = {EAB1C98E-63A3-4146-BE52-1772E0F9B08F}
	EndGlobalSection
EndGlobal
